// !$*UTF8*$!
{
	archiveVersion = 1;
	classes = {
	};
	objectVersion = 46;
	objects = {

/* Begin PBXBuildFile section */
		EFC0BE6D1E37130D008306BE /* AppDelegate.swift in Sources */ = {isa = PBXBuildFile; fileRef = EFC0BE6C1E37130D008306BE /* AppDelegate.swift */; };
		EFC0BE6F1E37130D008306BE /* RootViewController.swift in Sources */ = {isa = PBXBuildFile; fileRef = EFC0BE6E1E37130D008306BE /* RootViewController.swift */; };
		EFC0BE711E37130D008306BE /* DataViewController.swift in Sources */ = {isa = PBXBuildFile; fileRef = EFC0BE701E37130D008306BE /* DataViewController.swift */; };
		EFC0BE731E37130D008306BE /* ModelController.swift in Sources */ = {isa = PBXBuildFile; fileRef = EFC0BE721E37130D008306BE /* ModelController.swift */; };
		EFC0BE761E37130E008306BE /* Main.storyboard in Resources */ = {isa = PBXBuildFile; fileRef = EFC0BE741E37130E008306BE /* Main.storyboard */; };
		EFC0BE781E37130E008306BE /* Assets.xcassets in Resources */ = {isa = PBXBuildFile; fileRef = EFC0BE771E37130E008306BE /* Assets.xcassets */; };
		EFC0BE7B1E37130E008306BE /* LaunchScreen.storyboard in Resources */ = {isa = PBXBuildFile; fileRef = EFC0BE791E37130E008306BE /* LaunchScreen.storyboard */; };
/* End PBXBuildFile section */

/* Begin PBXFileReference section */
		EFC0BE691E37130D008306BE /* ListenIn 2.0.app */ = {isa = PBXFileReference; explicitFileType = wrapper.application; includeInIndex = 0; path = "ListenIn 2.0.app"; sourceTree = BUILT_PRODUCTS_DIR; };
		EFC0BE6C1E37130D008306BE /* AppDelegate.swift */ = {isa = PBXFileReference; lastKnownFileType = sourcecode.swift; path = AppDelegate.swift; sourceTree = "<group>"; };
		EFC0BE6E1E37130D008306BE /* RootViewController.swift */ = {isa = PBXFileReference; lastKnownFileType = sourcecode.swift; path = RootViewController.swift; sourceTree = "<group>"; };
		EFC0BE701E37130D008306BE /* DataViewController.swift */ = {isa = PBXFileReference; lastKnownFileType = sourcecode.swift; path = DataViewController.swift; sourceTree = "<group>"; };
		EFC0BE721E37130D008306BE /* ModelController.swift */ = {isa = PBXFileReference; lastKnownFileType = sourcecode.swift; path = ModelController.swift; sourceTree = "<group>"; };
		EFC0BE751E37130E008306BE /* Base */ = {isa = PBXFileReference; lastKnownFileType = file.storyboard; name = Base; path = Base.lproj/Main.storyboard; sourceTree = "<group>"; };
		EFC0BE771E37130E008306BE /* Assets.xcassets */ = {isa = PBXFileReference; lastKnownFileType = folder.assetcatalog; path = Assets.xcassets; sourceTree = "<group>"; };
		EFC0BE7A1E37130E008306BE /* Base */ = {isa = PBXFileReference; lastKnownFileType = file.storyboard; name = Base; path = Base.lproj/LaunchScreen.storyboard; sourceTree = "<group>"; };
		EFC0BE7C1E37130E008306BE /* Info.plist */ = {isa = PBXFileReference; lastKnownFileType = text.plist.xml; path = Info.plist; sourceTree = "<group>"; };
/* End PBXFileReference section */

/* Begin PBXFrameworksBuildPhase section */
		EFC0BE661E37130D008306BE /* Frameworks */ = {
			isa = PBXFrameworksBuildPhase;
			buildActionMask = 2147483647;
			files = (
			);
			runOnlyForDeploymentPostprocessing = 0;
		};
/* End PBXFrameworksBuildPhase section */

/* Begin PBXGroup section */
		EFC0BE601E37130D008306BE = {
			isa = PBXGroup;
			children = (
				EFC0BE6B1E37130D008306BE /* ListenIn 2.0 */,
				EFC0BE6A1E37130D008306BE /* Products */,
			);
			sourceTree = "<group>";
		};
		EFC0BE6A1E37130D008306BE /* Products */ = {
			isa = PBXGroup;
			children = (
				EFC0BE691E37130D008306BE /* ListenIn 2.0.app */,
			);
			name = Products;
			sourceTree = "<group>";
		};
		EFC0BE6B1E37130D008306BE /* ListenIn 2.0 */ = {
			isa = PBXGroup;
			children = (
				EFC0BE6C1E37130D008306BE /* AppDelegate.swift */,
				EFC0BE6E1E37130D008306BE /* RootViewController.swift */,
				EFC0BE701E37130D008306BE /* DataViewController.swift */,
				EFC0BE721E37130D008306BE /* ModelController.swift */,
				EFC0BE741E37130E008306BE /* Main.storyboard */,
				EFC0BE771E37130E008306BE /* Assets.xcassets */,
				EFC0BE791E37130E008306BE /* LaunchScreen.storyboard */,
				EFC0BE7C1E37130E008306BE /* Info.plist */,
			);
			path = "ListenIn 2.0";
			sourceTree = "<group>";
		};
/* End PBXGroup section */

/* Begin PBXNativeTarget section */
		EFC0BE681E37130D008306BE /* ListenIn 2.0 */ = {
			isa = PBXNativeTarget;
			buildConfigurationList = EFC0BE7F1E37130E008306BE /* Build configuration list for PBXNativeTarget "ListenIn 2.0" */;
			buildPhases = (
				EFC0BE651E37130D008306BE /* Sources */,
				EFC0BE661E37130D008306BE /* Frameworks */,
				EFC0BE671E37130D008306BE /* Resources */,
			);
			buildRules = (
			);
			dependencies = (
			);
			name = "ListenIn 2.0";
			productName = "ListenIn 2.0";
			productReference = EFC0BE691E37130D008306BE /* ListenIn 2.0.app */;
			productType = "com.apple.product-type.application";
		};
/* End PBXNativeTarget section */

/* Begin PBXProject section */
		EFC0BE611E37130D008306BE /* Project object */ = {
			isa = PBXProject;
			attributes = {
				LastSwiftUpdateCheck = 0820;
				LastUpgradeCheck = 0820;
				ORGANIZATIONNAME = "Sam Lee";
				TargetAttributes = {
					EFC0BE681E37130D008306BE = {
						CreatedOnToolsVersion = 8.2.1;
						DevelopmentTeam = Y38T3TH9N8;
						ProvisioningStyle = Automatic;
					};
				};
			};
			buildConfigurationList = EFC0BE641E37130D008306BE /* Build configuration list for PBXProject "ListenIn 2.0" */;
			compatibilityVersion = "Xcode 3.2";
			developmentRegion = English;
			hasScannedForEncodings = 0;
			knownRegions = (
				en,
				Base,
			);
			mainGroup = EFC0BE601E37130D008306BE;
			productRefGroup = EFC0BE6A1E37130D008306BE /* Products */;
			projectDirPath = "";
			projectRoot = "";
			targets = (
				EFC0BE681E37130D008306BE /* ListenIn 2.0 */,
			);
		};
/* End PBXProject section */

/* Begin PBXResourcesBuildPhase section */
		EFC0BE671E37130D008306BE /* Resources */ = {
			isa = PBXResourcesBuildPhase;
			buildActionMask = 2147483647;
			files = (
				EFC0BE7B1E37130E008306BE /* LaunchScreen.storyboard in Resources */,
				EFC0BE781E37130E008306BE /* Assets.xcassets in Resources */,
				EFC0BE761E37130E008306BE /* Main.storyboard in Resources */,
			);
			runOnlyForDeploymentPostprocessing = 0;
		};
/* End PBXResourcesBuildPhase section */

/* Begin PBXSourcesBuildPhase section */
		EFC0BE651E37130D008306BE /* Sources */ = {
			isa = PBXSourcesBuildPhase;
			buildActionMask = 2147483647;
			files = (
				EFC0BE6F1E37130D008306BE /* RootViewController.swift in Sources */,
				EFC0BE731E37130D008306BE /* ModelController.swift in Sources */,
				EFC0BE711E37130D008306BE /* DataViewController.swift in Sources */,
				EFC0BE6D1E37130D008306BE /* AppDelegate.swift in Sources */,
			);
			runOnlyForDeploymentPostprocessing = 0;
		};
/* End PBXSourcesBuildPhase section */

/* Begin PBXVariantGroup section */
		EFC0BE741E37130E008306BE /* Main.storyboard */ = {
			isa = PBXVariantGroup;
			children = (
				EFC0BE751E37130E008306BE /* Base */,
			);
			name = Main.storyboard;
			sourceTree = "<group>";
		};
		EFC0BE791E37130E008306BE /* LaunchScreen.storyboard */ = {
			isa = PBXVariantGroup;
			children = (
				EFC0BE7A1E37130E008306BE /* Base */,
			);
			name = LaunchScreen.storyboard;
			sourceTree = "<group>";
		};
/* End PBXVariantGroup section */

/* Begin XCBuildConfiguration section */
		EFC0BE7D1E37130E008306BE /* Debug */ = {
			isa = XCBuildConfiguration;
			buildSettings = {
				ALWAYS_SEARCH_USER_PATHS = NO;
				CLANG_ANALYZER_NONNULL = YES;
				CLANG_CXX_LANGUAGE_STANDARD = "gnu++0x";
				CLANG_CXX_LIBRARY = "libc++";
				CLANG_ENABLE_MODULES = YES;
				CLANG_ENABLE_OBJC_ARC = YES;
				CLANG_WARN_BOOL_CONVERSION = YES;
				CLANG_WARN_CONSTANT_CONVERSION = YES;
				CLANG_WARN_DIRECT_OBJC_ISA_USAGE = YES_ERROR;
				CLANG_WARN_DOCUMENTATION_COMMENTS = YES;
				CLANG_WARN_EMPTY_BODY = YES;
				CLANG_WARN_ENUM_CONVERSION = YES;
				CLANG_WARN_INFINITE_RECURSION = YES;
				CLANG_WARN_INT_CONVERSION = YES;
				CLANG_WARN_OBJC_ROOT_CLASS = YES_ERROR;
				CLANG_WARN_SUSPICIOUS_MOVE = YES;
				CLANG_WARN_UNREACHABLE_CODE = YES;
				CLANG_WARN__DUPLICATE_METHOD_MATCH = YES;
				"CODE_SIGN_IDENTITY[sdk=iphoneos*]" = "iPhone Developer";
				COPY_PHASE_STRIP = NO;
				DEBUG_INFORMATION_FORMAT = dwarf;
				ENABLE_STRICT_OBJC_MSGSEND = YES;
				ENABLE_TESTABILITY = YES;
				GCC_C_LANGUAGE_STANDARD = gnu99;
				GCC_DYNAMIC_NO_PIC = NO;
				GCC_NO_COMMON_BLOCKS = YES;
				GCC_OPTIMIZATION_LEVEL = 0;
				GCC_PREPROCESSOR_DEFINITIONS = (
					"DEBUG=1",
					"$(inherited)",
				);
				GCC_WARN_64_TO_32_BIT_CONVERSION = YES;
				GCC_WARN_ABOUT_RETURN_TYPE = YES_ERROR;
				GCC_WARN_UNDECLARED_SELECTOR = YES;
				GCC_WARN_UNINITIALIZED_AUTOS = YES_AGGRESSIVE;
				GCC_WARN_UNUSED_FUNCTION = YES;
				GCC_WARN_UNUSED_VARIABLE = YES;
				IPHONEOS_DEPLOYMENT_TARGET = 10.2;
				MTL_ENABLE_DEBUG_INFO = YES;
				ONLY_ACTIVE_ARCH = YES;
				SDKROOT = iphoneos;
				SWIFT_ACTIVE_COMPILATION_CONDITIONS = DEBUG;
				SWIFT_OPTIMIZATION_LEVEL = "-Onone";
			};
			name = Debug;
		};
		EFC0BE7E1E37130E008306BE /* Release */ = {
			isa = XCBuildConfiguration;
			buildSettings = {
				ALWAYS_SEARCH_USER_PATHS = NO;
				CLANG_ANALYZER_NONNULL = YES;
				CLANG_CXX_LANGUAGE_STANDARD = "gnu++0x";
				CLANG_CXX_LIBRARY = "libc++";
				CLANG_ENABLE_MODULES = YES;
				CLANG_ENABLE_OBJC_ARC = YES;
				CLANG_WARN_BOOL_CONVERSION = YES;
				CLANG_WARN_CONSTANT_CONVERSION = YES;
				CLANG_WARN_DIRECT_OBJC_ISA_USAGE = YES_ERROR;
				CLANG_WARN_DOCUMENTATION_COMMENTS = YES;
				CLANG_WARN_EMPTY_BODY = YES;
				CLANG_WARN_ENUM_CONVERSION = YES;
				CLANG_WARN_INFINITE_RECURSION = YES;
				CLANG_WARN_INT_CONVERSION = YES;
				CLANG_WARN_OBJC_ROOT_CLASS = YES_ERROR;
				CLANG_WARN_SUSPICIOUS_MOVE = YES;
				CLANG_WARN_UNREACHABLE_CODE = YES;
				CLANG_WARN__DUPLICATE_METHOD_MATCH = YES;
				"CODE_SIGN_IDENTITY[sdk=iphoneos*]" = "iPhone Developer";
				COPY_PHASE_STRIP = NO;
				DEBUG_INFORMATION_FORMAT = "dwarf-with-dsym";
				ENABLE_NS_ASSERTIONS = NO;
				ENABLE_STRICT_OBJC_MSGSEND = YES;
				GCC_C_LANGUAGE_STANDARD = gnu99;
				GCC_NO_COMMON_BLOCKS = YES;
				GCC_WARN_64_TO_32_BIT_CONVERSION = YES;
				GCC_WARN_ABOUT_RETURN_TYPE = YES_ERROR;
				GCC_WARN_UNDECLARED_SELECTOR = YES;
				GCC_WARN_UNINITIALIZED_AUTOS = YES_AGGRESSIVE;
				GCC_WARN_UNUSED_FUNCTION = YES;
				GCC_WARN_UNUSED_VARIABLE = YES;
				IPHONEOS_DEPLOYMENT_TARGET = 10.2;
				MTL_ENABLE_DEBUG_INFO = NO;
				SDKROOT = iphoneos;
				SWIFT_OPTIMIZATION_LEVEL = "-Owholemodule";
				VALIDATE_PRODUCT = YES;
			};
			name = Release;
		};
		EFC0BE801E37130E008306BE /* Debug */ = {
			isa = XCBuildConfiguration;
			buildSettings = {
				ASSETCATALOG_COMPILER_APPICON_NAME = AppIcon;
				DEVELOPMENT_TEAM = Y38T3TH9N8;
				INFOPLIST_FILE = "ListenIn 2.0/Info.plist";
				LD_RUNPATH_SEARCH_PATHS = "$(inherited) @executable_path/Frameworks";
				PRODUCT_BUNDLE_IDENTIFIER = "com.samL.ListenIn-2-0";
				PRODUCT_NAME = "$(TARGET_NAME)";
				SWIFT_VERSION = 3.0;
			};
			name = Debug;
		};
		EFC0BE811E37130E008306BE /* Release */ = {
			isa = XCBuildConfiguration;
			buildSettings = {
				ASSETCATALOG_COMPILER_APPICON_NAME = AppIcon;
				DEVELOPMENT_TEAM = Y38T3TH9N8;
				INFOPLIST_FILE = "ListenIn 2.0/Info.plist";
				LD_RUNPATH_SEARCH_PATHS = "$(inherited) @executable_path/Frameworks";
				PRODUCT_BUNDLE_IDENTIFIER = "com.samL.ListenIn-2-0";
				PRODUCT_NAME = "$(TARGET_NAME)";
				SWIFT_VERSION = 3.0;
			};
			name = Release;
		};
/* End XCBuildConfiguration section */

/* Begin XCConfigurationList section */
		EFC0BE641E37130D008306BE /* Build configuration list for PBXProject "ListenIn 2.0" */ = {
			isa = XCConfigurationList;
			buildConfigurations = (
				EFC0BE7D1E37130E008306BE /* Debug */,
				EFC0BE7E1E37130E008306BE /* Release */,
			);
			defaultConfigurationIsVisible = 0;
			defaultConfigurationName = Release;
		};
		EFC0BE7F1E37130E008306BE /* Build configuration list for PBXNativeTarget "ListenIn 2.0" */ = {
			isa = XCConfigurationList;
			buildConfigurations = (
				EFC0BE801E37130E008306BE /* Debug */,
				EFC0BE811E37130E008306BE /* Release */,
			);
			defaultConfigurationIsVisible = 0;
		};
/* End XCConfigurationList section */
	};
	rootObject = EFC0BE611E37130D008306BE /* Project object */;
}
